// !$*UTF8*$!
{
	archiveVersion = 1;
	classes = {
	};
	objectVersion = 46;
	objects = {

/* Begin PBXBuildFile section */
		94617DE61F1C194C00929352 /* AppDelegate.swift in Sources */ = {isa = PBXBuildFile; fileRef = 94617DE51F1C194C00929352 /* AppDelegate.swift */; };
		94617DE81F1C194C00929352 /* MasterViewController.swift in Sources */ = {isa = PBXBuildFile; fileRef = 94617DE71F1C194C00929352 /* MasterViewController.swift */; };
		94617DEA1F1C194C00929352 /* DetailViewController.swift in Sources */ = {isa = PBXBuildFile; fileRef = 94617DE91F1C194C00929352 /* DetailViewController.swift */; };
		94617DED1F1C194C00929352 /* Main.storyboard in Resources */ = {isa = PBXBuildFile; fileRef = 94617DEB1F1C194C00929352 /* Main.storyboard */; };
		94617DEF1F1C194C00929352 /* Assets.xcassets in Resources */ = {isa = PBXBuildFile; fileRef = 94617DEE1F1C194C00929352 /* Assets.xcassets */; };
		94617DF21F1C194C00929352 /* LaunchScreen.storyboard in Resources */ = {isa = PBXBuildFile; fileRef = 94617DF01F1C194C00929352 /* LaunchScreen.storyboard */; };
		94617DFD1F1C194C00929352 /* College_Profile_BuilderTests.swift in Sources */ = {isa = PBXBuildFile; fileRef = 94617DFC1F1C194C00929352 /* College_Profile_BuilderTests.swift */; };
		94617E081F1C194C00929352 /* College_Profile_BuilderUITests.swift in Sources */ = {isa = PBXBuildFile; fileRef = 94617E071F1C194C00929352 /* College_Profile_BuilderUITests.swift */; };
/* End PBXBuildFile section */

/* Begin PBXContainerItemProxy section */
		94617DF91F1C194C00929352 /* PBXContainerItemProxy */ = {
			isa = PBXContainerItemProxy;
			containerPortal = 94617DDA1F1C194C00929352 /* Project object */;
			proxyType = 1;
			remoteGlobalIDString = 94617DE11F1C194C00929352;
			remoteInfo = "College Profile Builder";
		};
		94617E041F1C194C00929352 /* PBXContainerItemProxy */ = {
			isa = PBXContainerItemProxy;
			containerPortal = 94617DDA1F1C194C00929352 /* Project object */;
			proxyType = 1;
			remoteGlobalIDString = 94617DE11F1C194C00929352;
			remoteInfo = "College Profile Builder";
		};
/* End PBXContainerItemProxy section */

/* Begin PBXFileReference section */
		94617DE21F1C194C00929352 /* College Profile Builder.app */ = {isa = PBXFileReference; explicitFileType = wrapper.application; includeInIndex = 0; path = "College Profile Builder.app"; sourceTree = BUILT_PRODUCTS_DIR; };
		94617DE51F1C194C00929352 /* AppDelegate.swift */ = {isa = PBXFileReference; lastKnownFileType = sourcecode.swift; path = AppDelegate.swift; sourceTree = "<group>"; };
		94617DE71F1C194C00929352 /* MasterViewController.swift */ = {isa = PBXFileReference; lastKnownFileType = sourcecode.swift; path = MasterViewController.swift; sourceTree = "<group>"; };
		94617DE91F1C194C00929352 /* DetailViewController.swift */ = {isa = PBXFileReference; lastKnownFileType = sourcecode.swift; path = DetailViewController.swift; sourceTree = "<group>"; };
		94617DEC1F1C194C00929352 /* Base */ = {isa = PBXFileReference; lastKnownFileType = file.storyboard; name = Base; path = Base.lproj/Main.storyboard; sourceTree = "<group>"; };
		94617DEE1F1C194C00929352 /* Assets.xcassets */ = {isa = PBXFileReference; lastKnownFileType = folder.assetcatalog; path = Assets.xcassets; sourceTree = "<group>"; };
		94617DF11F1C194C00929352 /* Base */ = {isa = PBXFileReference; lastKnownFileType = file.storyboard; name = Base; path = Base.lproj/LaunchScreen.storyboard; sourceTree = "<group>"; };
		94617DF31F1C194C00929352 /* Info.plist */ = {isa = PBXFileReference; lastKnownFileType = text.plist.xml; path = Info.plist; sourceTree = "<group>"; };
		94617DF81F1C194C00929352 /* College Profile BuilderTests.xctest */ = {isa = PBXFileReference; explicitFileType = wrapper.cfbundle; includeInIndex = 0; path = "College Profile BuilderTests.xctest"; sourceTree = BUILT_PRODUCTS_DIR; };
		94617DFC1F1C194C00929352 /* College_Profile_BuilderTests.swift */ = {isa = PBXFileReference; lastKnownFileType = sourcecode.swift; path = College_Profile_BuilderTests.swift; sourceTree = "<group>"; };
		94617DFE1F1C194C00929352 /* Info.plist */ = {isa = PBXFileReference; lastKnownFileType = text.plist.xml; path = Info.plist; sourceTree = "<group>"; };
		94617E031F1C194C00929352 /* College Profile BuilderUITests.xctest */ = {isa = PBXFileReference; explicitFileType = wrapper.cfbundle; includeInIndex = 0; path = "College Profile BuilderUITests.xctest"; sourceTree = BUILT_PRODUCTS_DIR; };
		94617E071F1C194C00929352 /* College_Profile_BuilderUITests.swift */ = {isa = PBXFileReference; lastKnownFileType = sourcecode.swift; path = College_Profile_BuilderUITests.swift; sourceTree = "<group>"; };
		94617E091F1C194C00929352 /* Info.plist */ = {isa = PBXFileReference; lastKnownFileType = text.plist.xml; path = Info.plist; sourceTree = "<group>"; };
/* End PBXFileReference section */

/* Begin PBXFrameworksBuildPhase section */
		94617DDF1F1C194C00929352 /* Frameworks */ = {
			isa = PBXFrameworksBuildPhase;
			buildActionMask = 2147483647;
			files = (
			);
			runOnlyForDeploymentPostprocessing = 0;
		};
		94617DF51F1C194C00929352 /* Frameworks */ = {
			isa = PBXFrameworksBuildPhase;
			buildActionMask = 2147483647;
			files = (
			);
			runOnlyForDeploymentPostprocessing = 0;
		};
		94617E001F1C194C00929352 /* Frameworks */ = {
			isa = PBXFrameworksBuildPhase;
			buildActionMask = 2147483647;
			files = (
			);
			runOnlyForDeploymentPostprocessing = 0;
		};
/* End PBXFrameworksBuildPhase section */

/* Begin PBXGroup section */
		94617DD91F1C194C00929352 = {
			isa = PBXGroup;
			children = (
				94617DE41F1C194C00929352 /* College Profile Builder */,
				94617DFB1F1C194C00929352 /* College Profile BuilderTests */,
				94617E061F1C194C00929352 /* College Profile BuilderUITests */,
				94617DE31F1C194C00929352 /* Products */,
			);
			sourceTree = "<group>";
		};
		94617DE31F1C194C00929352 /* Products */ = {
			isa = PBXGroup;
			children = (
				94617DE21F1C194C00929352 /* College Profile Builder.app */,
				94617DF81F1C194C00929352 /* College Profile BuilderTests.xctest */,
				94617E031F1C194C00929352 /* College Profile BuilderUITests.xctest */,
			);
			name = Products;
			sourceTree = "<group>";
		};
		94617DE41F1C194C00929352 /* College Profile Builder */ = {
			isa = PBXGroup;
			children = (
				94617DE51F1C194C00929352 /* AppDelegate.swift */,
				94617DE71F1C194C00929352 /* MasterViewController.swift */,
				94617DE91F1C194C00929352 /* DetailViewController.swift */,
				94617DEB1F1C194C00929352 /* Main.storyboard */,
				94617DEE1F1C194C00929352 /* Assets.xcassets */,
				94617DF01F1C194C00929352 /* LaunchScreen.storyboard */,
				94617DF31F1C194C00929352 /* Info.plist */,
			);
			path = "College Profile Builder";
			sourceTree = "<group>";
		};
		94617DFB1F1C194C00929352 /* College Profile BuilderTests */ = {
			isa = PBXGroup;
			children = (
				94617DFC1F1C194C00929352 /* College_Profile_BuilderTests.swift */,
				94617DFE1F1C194C00929352 /* Info.plist */,
			);
			path = "College Profile BuilderTests";
			sourceTree = "<group>";
		};
		94617E061F1C194C00929352 /* College Profile BuilderUITests */ = {
			isa = PBXGroup;
			children = (
				94617E071F1C194C00929352 /* College_Profile_BuilderUITests.swift */,
				94617E091F1C194C00929352 /* Info.plist */,
			);
			path = "College Profile BuilderUITests";
			sourceTree = "<group>";
		};
/* End PBXGroup section */

/* Begin PBXNativeTarget section */
		94617DE11F1C194C00929352 /* College Profile Builder */ = {
			isa = PBXNativeTarget;
			buildConfigurationList = 94617E0C1F1C194C00929352 /* Build configuration list for PBXNativeTarget "College Profile Builder" */;
			buildPhases = (
				94617DDE1F1C194C00929352 /* Sources */,
				94617DDF1F1C194C00929352 /* Frameworks */,
				94617DE01F1C194C00929352 /* Resources */,
			);
			buildRules = (
			);
			dependencies = (
			);
			name = "College Profile Builder";
			productName = "College Profile Builder";
			productReference = 94617DE21F1C194C00929352 /* College Profile Builder.app */;
			productType = "com.apple.product-type.application";
		};
		94617DF71F1C194C00929352 /* College Profile BuilderTests */ = {
			isa = PBXNativeTarget;
			buildConfigurationList = 94617E0F1F1C194C00929352 /* Build configuration list for PBXNativeTarget "College Profile BuilderTests" */;
			buildPhases = (
				94617DF41F1C194C00929352 /* Sources */,
				94617DF51F1C194C00929352 /* Frameworks */,
				94617DF61F1C194C00929352 /* Resources */,
			);
			buildRules = (
			);
			dependencies = (
				94617DFA1F1C194C00929352 /* PBXTargetDependency */,
			);
			name = "College Profile BuilderTests";
			productName = "College Profile BuilderTests";
			productReference = 94617DF81F1C194C00929352 /* College Profile BuilderTests.xctest */;
			productType = "com.apple.product-type.bundle.unit-test";
		};
		94617E021F1C194C00929352 /* College Profile BuilderUITests */ = {
			isa = PBXNativeTarget;
			buildConfigurationList = 94617E121F1C194C00929352 /* Build configuration list for PBXNativeTarget "College Profile BuilderUITests" */;
			buildPhases = (
				94617DFF1F1C194C00929352 /* Sources */,
				94617E001F1C194C00929352 /* Frameworks */,
				94617E011F1C194C00929352 /* Resources */,
			);
			buildRules = (
			);
			dependencies = (
				94617E051F1C194C00929352 /* PBXTargetDependency */,
			);
			name = "College Profile BuilderUITests";
			productName = "College Profile BuilderUITests";
			productReference = 94617E031F1C194C00929352 /* College Profile BuilderUITests.xctest */;
			productType = "com.apple.product-type.bundle.ui-testing";
		};
/* End PBXNativeTarget section */

/* Begin PBXProject section */
		94617DDA1F1C194C00929352 /* Project object */ = {
			isa = PBXProject;
			attributes = {
				LastSwiftUpdateCheck = 0830;
				LastUpgradeCheck = 0830;
				ORGANIZATIONNAME = "David Kirson";
				TargetAttributes = {
					94617DE11F1C194C00929352 = {
						CreatedOnToolsVersion = 8.3.3;
						DevelopmentTeam = R74NPTK23H;
						ProvisioningStyle = Automatic;
					};
					94617DF71F1C194C00929352 = {
						CreatedOnToolsVersion = 8.3.3;
						DevelopmentTeam = R74NPTK23H;
						ProvisioningStyle = Automatic;
						TestTargetID = 94617DE11F1C194C00929352;
					};
					94617E021F1C194C00929352 = {
						CreatedOnToolsVersion = 8.3.3;
						DevelopmentTeam = R74NPTK23H;
						ProvisioningStyle = Automatic;
						TestTargetID = 94617DE11F1C194C00929352;
					};
				};
			};
			buildConfigurationList = 94617DDD1F1C194C00929352 /* Build configuration list for PBXProject "College Profile Builder" */;
			compatibilityVersion = "Xcode 3.2";
			developmentRegion = English;
			hasScannedForEncodings = 0;
			knownRegions = (
				en,
				Base,
			);
			mainGroup = 94617DD91F1C194C00929352;
			productRefGroup = 94617DE31F1C194C00929352 /* Products */;
			projectDirPath = "";
			projectRoot = "";
			targets = (
				94617DE11F1C194C00929352 /* College Profile Builder */,
				94617DF71F1C194C00929352 /* College Profile BuilderTests */,
				94617E021F1C194C00929352 /* College Profile BuilderUITests */,
			);
		};
/* End PBXProject section */

/* Begin PBXResourcesBuildPhase section */
		94617DE01F1C194C00929352 /* Resources */ = {
			isa = PBXResourcesBuildPhase;
			buildActionMask = 2147483647;
			files = (
				94617DF21F1C194C00929352 /* LaunchScreen.storyboard in Resources */,
				94617DEF1F1C194C00929352 /* Assets.xcassets in Resources */,
				94617DED1F1C194C00929352 /* Main.storyboard in Resources */,
			);
			runOnlyForDeploymentPostprocessing = 0;
		};
		94617DF61F1C194C00929352 /* Resources */ = {
			isa = PBXResourcesBuildPhase;
			buildActionMask = 2147483647;
			files = (
			);
			runOnlyForDeploymentPostprocessing = 0;
		};
		94617E011F1C194C00929352 /* Resources */ = {
			isa = PBXResourcesBuildPhase;
			buildActionMask = 2147483647;
			files = (
			);
			runOnlyForDeploymentPostprocessing = 0;
		};
/* End PBXResourcesBuildPhase section */

/* Begin PBXSourcesBuildPhase section */
		94617DDE1F1C194C00929352 /* Sources */ = {
			isa = PBXSourcesBuildPhase;
			buildActionMask = 2147483647;
			files = (
				94617DEA1F1C194C00929352 /* DetailViewController.swift in Sources */,
				94617DE81F1C194C00929352 /* MasterViewController.swift in Sources */,
				94617DE61F1C194C00929352 /* AppDelegate.swift in Sources */,
			);
			runOnlyForDeploymentPostprocessing = 0;
		};
		94617DF41F1C194C00929352 /* Sources */ = {
			isa = PBXSourcesBuildPhase;
			buildActionMask = 2147483647;
			files = (
				94617DFD1F1C194C00929352 /* College_Profile_BuilderTests.swift in Sources */,
			);
			runOnlyForDeploymentPostprocessing = 0;
		};
		94617DFF1F1C194C00929352 /* Sources */ = {
			isa = PBXSourcesBuildPhase;
			buildActionMask = 2147483647;
			files = (
				94617E081F1C194C00929352 /* College_Profile_BuilderUITests.swift in Sources */,
			);
			runOnlyForDeploymentPostprocessing = 0;
		};
/* End PBXSourcesBuildPhase section */

/* Begin PBXTargetDependency section */
		94617DFA1F1C194C00929352 /* PBXTargetDependency */ = {
			isa = PBXTargetDependency;
			target = 94617DE11F1C194C00929352 /* College Profile Builder */;
			targetProxy = 94617DF91F1C194C00929352 /* PBXContainerItemProxy */;
		};
		94617E051F1C194C00929352 /* PBXTargetDependency */ = {
			isa = PBXTargetDependency;
			target = 94617DE11F1C194C00929352 /* College Profile Builder */;
			targetProxy = 94617E041F1C194C00929352 /* PBXContainerItemProxy */;
		};
/* End PBXTargetDependency section */

/* Begin PBXVariantGroup section */
		94617DEB1F1C194C00929352 /* Main.storyboard */ = {
			isa = PBXVariantGroup;
			children = (
				94617DEC1F1C194C00929352 /* Base */,
			);
			name = Main.storyboard;
			sourceTree = "<group>";
		};
		94617DF01F1C194C00929352 /* LaunchScreen.storyboard */ = {
			isa = PBXVariantGroup;
			children = (
				94617DF11F1C194C00929352 /* Base */,
			);
			name = LaunchScreen.storyboard;
			sourceTree = "<group>";
		};
/* End PBXVariantGroup section */

/* Begin XCBuildConfiguration section */
		94617E0A1F1C194C00929352 /* Debug */ = {
			isa = XCBuildConfiguration;
			buildSettings = {
				ALWAYS_SEARCH_USER_PATHS = NO;
				CLANG_ANALYZER_NONNULL = YES;
				CLANG_ANALYZER_NUMBER_OBJECT_CONVERSION = YES_AGGRESSIVE;
				CLANG_CXX_LANGUAGE_STANDARD = "gnu++0x";
				CLANG_CXX_LIBRARY = "libc++";
				CLANG_ENABLE_MODULES = YES;
				CLANG_ENABLE_OBJC_ARC = YES;
				CLANG_WARN_BOOL_CONVERSION = YES;
				CLANG_WARN_CONSTANT_CONVERSION = YES;
				CLANG_WARN_DIRECT_OBJC_ISA_USAGE = YES_ERROR;
				CLANG_WARN_DOCUMENTATION_COMMENTS = YES;
				CLANG_WARN_EMPTY_BODY = YES;
				CLANG_WARN_ENUM_CONVERSION = YES;
				CLANG_WARN_INFINITE_RECURSION = YES;
				CLANG_WARN_INT_CONVERSION = YES;
				CLANG_WARN_OBJC_ROOT_CLASS = YES_ERROR;
				CLANG_WARN_SUSPICIOUS_MOVE = YES;
				CLANG_WARN_UNREACHABLE_CODE = YES;
				CLANG_WARN__DUPLICATE_METHOD_MATCH = YES;
				"CODE_SIGN_IDENTITY[sdk=iphoneos*]" = "iPhone Developer";
				COPY_PHASE_STRIP = NO;
				DEBUG_INFORMATION_FORMAT = dwarf;
				ENABLE_STRICT_OBJC_MSGSEND = YES;
				ENABLE_TESTABILITY = YES;
				GCC_C_LANGUAGE_STANDARD = gnu99;
				GCC_DYNAMIC_NO_PIC = NO;
				GCC_NO_COMMON_BLOCKS = YES;
				GCC_OPTIMIZATION_LEVEL = 0;
				GCC_PREPROCESSOR_DEFINITIONS = (
					"DEBUG=1",
					"$(inherited)",
				);
				GCC_WARN_64_TO_32_BIT_CONVERSION = YES;
				GCC_WARN_ABOUT_RETURN_TYPE = YES_ERROR;
				GCC_WARN_UNDECLARED_SELECTOR = YES;
				GCC_WARN_UNINITIALIZED_AUTOS = YES_AGGRESSIVE;
				GCC_WARN_UNUSED_FUNCTION = YES;
				GCC_WARN_UNUSED_VARIABLE = YES;
				IPHONEOS_DEPLOYMENT_TARGET = 10.3;
				MTL_ENABLE_DEBUG_INFO = YES;
				ONLY_ACTIVE_ARCH = YES;
				SDKROOT = iphoneos;
				SWIFT_ACTIVE_COMPILATION_CONDITIONS = DEBUG;
				SWIFT_OPTIMIZATION_LEVEL = "-Onone";
				TARGETED_DEVICE_FAMILY = "1,2";
			};
			name = Debug;
		};
		94617E0B1F1C194C00929352 /* Release */ = {
			isa = XCBuildConfiguration;
			buildSettings = {
				ALWAYS_SEARCH_USER_PATHS = NO;
				CLANG_ANALYZER_NONNULL = YES;
				CLANG_ANALYZER_NUMBER_OBJECT_CONVERSION = YES_AGGRESSIVE;
				CLANG_CXX_LANGUAGE_STANDARD = "gnu++0x";
				CLANG_CXX_LIBRARY = "libc++";
				CLANG_ENABLE_MODULES = YES;
				CLANG_ENABLE_OBJC_ARC = YES;
				CLANG_WARN_BOOL_CONVERSION = YES;
				CLANG_WARN_CONSTANT_CONVERSION = YES;
				CLANG_WARN_DIRECT_OBJC_ISA_USAGE = YES_ERROR;
				CLANG_WARN_DOCUMENTATION_COMMENTS = YES;
				CLANG_WARN_EMPTY_BODY = YES;
				CLANG_WARN_ENUM_CONVERSION = YES;
				CLANG_WARN_INFINITE_RECURSION = YES;
				CLANG_WARN_INT_CONVERSION = YES;
				CLANG_WARN_OBJC_ROOT_CLASS = YES_ERROR;
				CLANG_WARN_SUSPICIOUS_MOVE = YES;
				CLANG_WARN_UNREACHABLE_CODE = YES;
				CLANG_WARN__DUPLICATE_METHOD_MATCH = YES;
				"CODE_SIGN_IDENTITY[sdk=iphoneos*]" = "iPhone Developer";
				COPY_PHASE_STRIP = NO;
				DEBUG_INFORMATION_FORMAT = "dwarf-with-dsym";
				ENABLE_NS_ASSERTIONS = NO;
				ENABLE_STRICT_OBJC_MSGSEND = YES;
				GCC_C_LANGUAGE_STANDARD = gnu99;
				GCC_NO_COMMON_BLOCKS = YES;
				GCC_WARN_64_TO_32_BIT_CONVERSION = YES;
				GCC_WARN_ABOUT_RETURN_TYPE = YES_ERROR;
				GCC_WARN_UNDECLARED_SELECTOR = YES;
				GCC_WARN_UNINITIALIZED_AUTOS = YES_AGGRESSIVE;
				GCC_WARN_UNUSED_FUNCTION = YES;
				GCC_WARN_UNUSED_VARIABLE = YES;
				IPHONEOS_DEPLOYMENT_TARGET = 10.3;
				MTL_ENABLE_DEBUG_INFO = NO;
				SDKROOT = iphoneos;
				SWIFT_OPTIMIZATION_LEVEL = "-Owholemodule";
				TARGETED_DEVICE_FAMILY = "1,2";
				VALIDATE_PRODUCT = YES;
			};
			name = Release;
		};
		94617E0D1F1C194C00929352 /* Debug */ = {
			isa = XCBuildConfiguration;
			buildSettings = {
				ASSETCATALOG_COMPILER_APPICON_NAME = AppIcon;
				DEVELOPMENT_TEAM = R74NPTK23H;
				INFOPLIST_FILE = "College Profile Builder/Info.plist";
				LD_RUNPATH_SEARCH_PATHS = "$(inherited) @executable_path/Frameworks";
				PRODUCT_BUNDLE_IDENTIFIER = "Xcode.College-Profile-Builder";
				PRODUCT_NAME = "$(TARGET_NAME)";
				SWIFT_VERSION = 3.0;
			};
			name = Debug;
		};
		94617E0E1F1C194C00929352 /* Release */ = {
			isa = XCBuildConfiguration;
			buildSettings = {
				ASSETCATALOG_COMPILER_APPICON_NAME = AppIcon;
				DEVELOPMENT_TEAM = R74NPTK23H;
				INFOPLIST_FILE = "College Profile Builder/Info.plist";
				LD_RUNPATH_SEARCH_PATHS = "$(inherited) @executable_path/Frameworks";
				PRODUCT_BUNDLE_IDENTIFIER = "Xcode.College-Profile-Builder";
				PRODUCT_NAME = "$(TARGET_NAME)";
				SWIFT_VERSION = 3.0;
			};
			name = Release;
		};
		94617E101F1C194C00929352 /* Debug */ = {
			isa = XCBuildConfiguration;
			buildSettings = {
				ALWAYS_EMBED_SWIFT_STANDARD_LIBRARIES = YES;
				BUNDLE_LOADER = "$(TEST_HOST)";
				DEVELOPMENT_TEAM = R74NPTK23H;
				INFOPLIST_FILE = "College Profile BuilderTests/Info.plist";
				LD_RUNPATH_SEARCH_PATHS = "$(inherited) @executable_path/Frameworks @loader_path/Frameworks";
				PRODUCT_BUNDLE_IDENTIFIER = "Xcode.College-Profile-BuilderTests";
				PRODUCT_NAME = "$(TARGET_NAME)";
				SWIFT_VERSION = 3.0;
				TEST_HOST = "$(BUILT_PRODUCTS_DIR)/College Profile Builder.app/College Profile Builder";
			};
			name = Debug;
		};
		94617E111F1C194C00929352 /* Release */ = {
			isa = XCBuildConfiguration;
			buildSettings = {
				ALWAYS_EMBED_SWIFT_STANDARD_LIBRARIES = YES;
				BUNDLE_LOADER = "$(TEST_HOST)";
				DEVELOPMENT_TEAM = R74NPTK23H;
				INFOPLIST_FILE = "College Profile BuilderTests/Info.plist";
				LD_RUNPATH_SEARCH_PATHS = "$(inherited) @executable_path/Frameworks @loader_path/Frameworks";
				PRODUCT_BUNDLE_IDENTIFIER = "Xcode.College-Profile-BuilderTests";
				PRODUCT_NAME = "$(TARGET_NAME)";
				SWIFT_VERSION = 3.0;
				TEST_HOST = "$(BUILT_PRODUCTS_DIR)/College Profile Builder.app/College Profile Builder";
			};
			name = Release;
		};
		94617E131F1C194C00929352 /* Debug */ = {
			isa = XCBuildConfiguration;
			buildSettings = {
				ALWAYS_EMBED_SWIFT_STANDARD_LIBRARIES = YES;
				DEVELOPMENT_TEAM = R74NPTK23H;
				INFOPLIST_FILE = "College Profile BuilderUITests/Info.plist";
				LD_RUNPATH_SEARCH_PATHS = "$(inherited) @executable_path/Frameworks @loader_path/Frameworks";
				PRODUCT_BUNDLE_IDENTIFIER = "Xcode.College-Profile-BuilderUITests";
				PRODUCT_NAME = "$(TARGET_NAME)";
				SWIFT_VERSION = 3.0;
				TEST_TARGET_NAME = "College Profile Builder";
			};
			name = Debug;
		};
		94617E141F1C194C00929352 /* Release */ = {
			isa = XCBuildConfiguration;
			buildSettings = {
				ALWAYS_EMBED_SWIFT_STANDARD_LIBRARIES = YES;
				DEVELOPMENT_TEAM = R74NPTK23H;
				INFOPLIST_FILE = "College Profile BuilderUITests/Info.plist";
				LD_RUNPATH_SEARCH_PATHS = "$(inherited) @executable_path/Frameworks @loader_path/Frameworks";
				PRODUCT_BUNDLE_IDENTIFIER = "Xcode.College-Profile-BuilderUITests";
				PRODUCT_NAME = "$(TARGET_NAME)";
				SWIFT_VERSION = 3.0;
				TEST_TARGET_NAME = "College Profile Builder";
			};
			name = Release;
		};
/* End XCBuildConfiguration section */

/* Begin XCConfigurationList section */
		94617DDD1F1C194C00929352 /* Build configuration list for PBXProject "College Profile Builder" */ = {
			isa = XCConfigurationList;
			buildConfigurations = (
				94617E0A1F1C194C00929352 /* Debug */,
				94617E0B1F1C194C00929352 /* Release */,
			);
			defaultConfigurationIsVisible = 0;
			defaultConfigurationName = Release;
		};
		94617E0C1F1C194C00929352 /* Build configuration list for PBXNativeTarget "College Profile Builder" */ = {
			isa = XCConfigurationList;
			buildConfigurations = (
				94617E0D1F1C194C00929352 /* Debug */,
				94617E0E1F1C194C00929352 /* Release */,
			);
			defaultConfigurationIsVisible = 0;
		};
		94617E0F1F1C194C00929352 /* Build configuration list for PBXNativeTarget "College Profile BuilderTests" */ = {
			isa = XCConfigurationList;
			buildConfigurations = (
				94617E101F1C194C00929352 /* Debug */,
				94617E111F1C194C00929352 /* Release */,
			);
			defaultConfigurationIsVisible = 0;
		};
		94617E121F1C194C00929352 /* Build configuration list for PBXNativeTarget "College Profile BuilderUITests" */ = {
			isa = XCConfigurationList;
			buildConfigurations = (
				94617E131F1C194C00929352 /* Debug */,
				94617E141F1C194C00929352 /* Release */,
			);
			defaultConfigurationIsVisible = 0;
		};
/* End XCConfigurationList section */
	};
	rootObject = 94617DDA1F1C194C00929352 /* Project object */;
}
